// !$*UTF8*$!
{
	archiveVersion = 1;
	classes = {
	};
	objectVersion = 56;
	objects = {

/* Begin PBXBuildFile section */
		72E43B6B940EEFEC5613E1D1 /* Pods_BookHarbour.framework in Frameworks */ = {isa = PBXBuildFile; fileRef = AD1B9CFFFD34E0396F6B0E21 /* Pods_BookHarbour.framework */; };
		8E3D56F62D556FA0008F2EFB /* CoreData.xcdatamodeld in Sources */ = {isa = PBXBuildFile; fileRef = 8E3D56F42D556FA0008F2EFB /* CoreData.xcdatamodeld */; };
		8E3D56F82D55703B008F2EFB /* DataController.swift in Sources */ = {isa = PBXBuildFile; fileRef = 8E3D56F72D55703B008F2EFB /* DataController.swift */; };
		8E3D57022D58ED27008F2EFB /* GoogleFetchController.swift in Sources */ = {isa = PBXBuildFile; fileRef = 8E3D57012D58ED27008F2EFB /* GoogleFetchController.swift */; };
		8E519A292D2496A200E48BE0 /* BookDetails.swift in Sources */ = {isa = PBXBuildFile; fileRef = 8E519A282D2496A200E48BE0 /* BookDetails.swift */; };
		8E9AE53A2D8AE2C900DD931F /* ReaderController.swift in Sources */ = {isa = PBXBuildFile; fileRef = 8E9AE5392D8AE2C900DD931F /* ReaderController.swift */; };
		8E9AE53C2D8AF3B500DD931F /* EPUBReaderView.swift in Sources */ = {isa = PBXBuildFile; fileRef = 8E9AE53B2D8AF3B500DD931F /* EPUBReaderView.swift */; };
		8EADAC442D20CD5E00EFC670 /* BookHarbourApp.swift in Sources */ = {isa = PBXBuildFile; fileRef = 8EADAC432D20CD5E00EFC670 /* BookHarbourApp.swift */; };
		8EADAC462D20CD5E00EFC670 /* MainView.swift in Sources */ = {isa = PBXBuildFile; fileRef = 8EADAC452D20CD5E00EFC670 /* MainView.swift */; };
		8EADAC482D20CD6100EFC670 /* Assets.xcassets in Resources */ = {isa = PBXBuildFile; fileRef = 8EADAC472D20CD6100EFC670 /* Assets.xcassets */; };
		8EADAC4B2D20CD6100EFC670 /* Preview Assets.xcassets in Resources */ = {isa = PBXBuildFile; fileRef = 8EADAC4A2D20CD6100EFC670 /* Preview Assets.xcassets */; };
		8EADAC5E2D221C2C00EFC670 /* EpubPickerView.swift in Sources */ = {isa = PBXBuildFile; fileRef = 8EADAC5D2D221C2C00EFC670 /* EpubPickerView.swift */; };
		8EADAC612D221E5500EFC670 /* EpubManager.swift in Sources */ = {isa = PBXBuildFile; fileRef = 8EADAC602D221E5500EFC670 /* EpubManager.swift */; };
		8EC391F52D84AAC80009A8DC /* NetworkManager.swift in Sources */ = {isa = PBXBuildFile; fileRef = 8EC391F42D84AAC80009A8DC /* NetworkManager.swift */; };
		8EC391F72D84AB0A0009A8DC /* MatchManager.swift in Sources */ = {isa = PBXBuildFile; fileRef = 8EC391F62D84AB0A0009A8DC /* MatchManager.swift */; };
		8EC391F92D84AB270009A8DC /* CoreDataManager.swift in Sources */ = {isa = PBXBuildFile; fileRef = 8EC391F82D84AB270009A8DC /* CoreDataManager.swift */; };
		8EC391FB2D84AB480009A8DC /* UtilityClass.swift in Sources */ = {isa = PBXBuildFile; fileRef = 8EC391FA2D84AB480009A8DC /* UtilityClass.swift */; };
		8ECEA1DE2D8B1BC5009F56E1 /* NavigatorDelegate.swift in Sources */ = {isa = PBXBuildFile; fileRef = 8ECEA1DD2D8B1BC5009F56E1 /* NavigatorDelegate.swift */; };
/* End PBXBuildFile section */

/* Begin PBXFileReference section */
		05735AF3C701FD4E23FFF25B /* Pods-BookHarbour.debug.xcconfig */ = {isa = PBXFileReference; includeInIndex = 1; lastKnownFileType = text.xcconfig; name = "Pods-BookHarbour.debug.xcconfig"; path = "Target Support Files/Pods-BookHarbour/Pods-BookHarbour.debug.xcconfig"; sourceTree = "<group>"; };
		68D5D24F01A72EF4BF08B5F3 /* Pods-BookHarbour.release.xcconfig */ = {isa = PBXFileReference; includeInIndex = 1; lastKnownFileType = text.xcconfig; name = "Pods-BookHarbour.release.xcconfig"; path = "Target Support Files/Pods-BookHarbour/Pods-BookHarbour.release.xcconfig"; sourceTree = "<group>"; };
		8E3D56F52D556FA0008F2EFB /* CoreData.xcdatamodel */ = {isa = PBXFileReference; lastKnownFileType = wrapper.xcdatamodel; path = CoreData.xcdatamodel; sourceTree = "<group>"; };
		8E3D56F72D55703B008F2EFB /* DataController.swift */ = {isa = PBXFileReference; lastKnownFileType = sourcecode.swift; path = DataController.swift; sourceTree = "<group>"; };
		8E3D57012D58ED27008F2EFB /* GoogleFetchController.swift */ = {isa = PBXFileReference; lastKnownFileType = sourcecode.swift; path = GoogleFetchController.swift; sourceTree = "<group>"; };
		8E519A282D2496A200E48BE0 /* BookDetails.swift */ = {isa = PBXFileReference; lastKnownFileType = sourcecode.swift; path = BookDetails.swift; sourceTree = "<group>"; };
		8E519A2A2D2CAAA800E48BE0 /* Info.plist */ = {isa = PBXFileReference; lastKnownFileType = text.plist; path = Info.plist; sourceTree = "<group>"; };
		8E9AE5392D8AE2C900DD931F /* ReaderController.swift */ = {isa = PBXFileReference; lastKnownFileType = sourcecode.swift; path = ReaderController.swift; sourceTree = "<group>"; };
		8E9AE53B2D8AF3B500DD931F /* EPUBReaderView.swift */ = {isa = PBXFileReference; lastKnownFileType = sourcecode.swift; path = EPUBReaderView.swift; sourceTree = "<group>"; };
		8EADAC402D20CD5E00EFC670 /* BookHarbour.app */ = {isa = PBXFileReference; explicitFileType = wrapper.application; includeInIndex = 0; path = BookHarbour.app; sourceTree = BUILT_PRODUCTS_DIR; };
		8EADAC432D20CD5E00EFC670 /* BookHarbourApp.swift */ = {isa = PBXFileReference; lastKnownFileType = sourcecode.swift; path = BookHarbourApp.swift; sourceTree = "<group>"; };
		8EADAC452D20CD5E00EFC670 /* MainView.swift */ = {isa = PBXFileReference; lastKnownFileType = sourcecode.swift; path = MainView.swift; sourceTree = "<group>"; };
		8EADAC472D20CD6100EFC670 /* Assets.xcassets */ = {isa = PBXFileReference; lastKnownFileType = folder.assetcatalog; path = Assets.xcassets; sourceTree = "<group>"; };
		8EADAC4A2D20CD6100EFC670 /* Preview Assets.xcassets */ = {isa = PBXFileReference; lastKnownFileType = folder.assetcatalog; path = "Preview Assets.xcassets"; sourceTree = "<group>"; };
		8EADAC5D2D221C2C00EFC670 /* EpubPickerView.swift */ = {isa = PBXFileReference; lastKnownFileType = sourcecode.swift; path = EpubPickerView.swift; sourceTree = "<group>"; };
		8EADAC602D221E5500EFC670 /* EpubManager.swift */ = {isa = PBXFileReference; lastKnownFileType = sourcecode.swift; path = EpubManager.swift; sourceTree = "<group>"; };
		8EC391F42D84AAC80009A8DC /* NetworkManager.swift */ = {isa = PBXFileReference; lastKnownFileType = sourcecode.swift; path = NetworkManager.swift; sourceTree = "<group>"; };
		8EC391F62D84AB0A0009A8DC /* MatchManager.swift */ = {isa = PBXFileReference; lastKnownFileType = sourcecode.swift; path = MatchManager.swift; sourceTree = "<group>"; };
		8EC391F82D84AB270009A8DC /* CoreDataManager.swift */ = {isa = PBXFileReference; lastKnownFileType = sourcecode.swift; path = CoreDataManager.swift; sourceTree = "<group>"; };
		8EC391FA2D84AB480009A8DC /* UtilityClass.swift */ = {isa = PBXFileReference; lastKnownFileType = sourcecode.swift; path = UtilityClass.swift; sourceTree = "<group>"; };
		8ECEA1DD2D8B1BC5009F56E1 /* NavigatorDelegate.swift */ = {isa = PBXFileReference; lastKnownFileType = sourcecode.swift; path = NavigatorDelegate.swift; sourceTree = "<group>"; };
		AD1B9CFFFD34E0396F6B0E21 /* Pods_BookHarbour.framework */ = {isa = PBXFileReference; explicitFileType = wrapper.framework; includeInIndex = 0; path = Pods_BookHarbour.framework; sourceTree = BUILT_PRODUCTS_DIR; };
/* End PBXFileReference section */

/* Begin PBXFrameworksBuildPhase section */
		8EADAC3D2D20CD5E00EFC670 /* Frameworks */ = {
			isa = PBXFrameworksBuildPhase;
			buildActionMask = 2147483647;
			files = (
				72E43B6B940EEFEC5613E1D1 /* Pods_BookHarbour.framework in Frameworks */,
			);
			runOnlyForDeploymentPostprocessing = 0;
		};
/* End PBXFrameworksBuildPhase section */

/* Begin PBXGroup section */
		1A5EF684AD5B986563A3B29C /* Frameworks */ = {
			isa = PBXGroup;
			children = (
				AD1B9CFFFD34E0396F6B0E21 /* Pods_BookHarbour.framework */,
			);
			name = Frameworks;
			sourceTree = "<group>";
		};
		8E3D56F32D556F89008F2EFB /* Data */ = {
			isa = PBXGroup;
			children = (
				8E3D56F42D556FA0008F2EFB /* CoreData.xcdatamodeld */,
				8EC391F82D84AB270009A8DC /* CoreDataManager.swift */,
			);
			path = Data;
			sourceTree = "<group>";
		};
		8EADAC372D20CD5E00EFC670 = {
			isa = PBXGroup;
			children = (
				8EADAC422D20CD5E00EFC670 /* BookHarbour */,
				8EADAC412D20CD5E00EFC670 /* Products */,
				E9E3213E5213F26393D49155 /* Pods */,
				1A5EF684AD5B986563A3B29C /* Frameworks */,
			);
			sourceTree = "<group>";
		};
		8EADAC412D20CD5E00EFC670 /* Products */ = {
			isa = PBXGroup;
			children = (
				8EADAC402D20CD5E00EFC670 /* BookHarbour.app */,
			);
			name = Products;
			sourceTree = "<group>";
		};
		8EADAC422D20CD5E00EFC670 /* BookHarbour */ = {
			isa = PBXGroup;
			children = (
				8ECEA1DC2D8B1BB8009F56E1 /* Delegates */,
				8E3D56F32D556F89008F2EFB /* Data */,
				8E519A2A2D2CAAA800E48BE0 /* Info.plist */,
				8EADAC5F2D221E0800EFC670 /* Controllers */,
				8EADAC452D20CD5E00EFC670 /* MainView.swift */,
				8EADAC552D20CF4B00EFC670 /* Resources */,
				8EADAC542D20CF3F00EFC670 /* Assets */,
				8EADAC532D20CDFC00EFC670 /* ViewModels */,
				8EADAC522D20CDF100EFC670 /* Views */,
				8EADAC432D20CD5E00EFC670 /* BookHarbourApp.swift */,
				8EADAC512D20CDD700EFC670 /* Models */,
				8EADAC492D20CD6100EFC670 /* Preview Content */,
			);
			path = BookHarbour;
			sourceTree = "<group>";
		};
		8EADAC492D20CD6100EFC670 /* Preview Content */ = {
			isa = PBXGroup;
			children = (
				8EADAC4A2D20CD6100EFC670 /* Preview Assets.xcassets */,
			);
			path = "Preview Content";
			sourceTree = "<group>";
		};
		8EADAC512D20CDD700EFC670 /* Models */ = {
			isa = PBXGroup;
			children = (
				8E519A282D2496A200E48BE0 /* BookDetails.swift */,
			);
			path = Models;
			sourceTree = "<group>";
		};
		8EADAC522D20CDF100EFC670 /* Views */ = {
			isa = PBXGroup;
			children = (
				8EADAC5D2D221C2C00EFC670 /* EpubPickerView.swift */,
				8E9AE53B2D8AF3B500DD931F /* EPUBReaderView.swift */,
			);
			path = Views;
			sourceTree = "<group>";
		};
		8EADAC532D20CDFC00EFC670 /* ViewModels */ = {
			isa = PBXGroup;
			children = (
			);
			path = ViewModels;
			sourceTree = "<group>";
		};
		8EADAC542D20CF3F00EFC670 /* Assets */ = {
			isa = PBXGroup;
			children = (
			);
			path = Assets;
			sourceTree = "<group>";
		};
		8EADAC552D20CF4B00EFC670 /* Resources */ = {
			isa = PBXGroup;
			children = (
				8EADAC472D20CD6100EFC670 /* Assets.xcassets */,
			);
			path = Resources;
			sourceTree = "<group>";
		};
		8EADAC5F2D221E0800EFC670 /* Controllers */ = {
			isa = PBXGroup;
			children = (
				8EADAC602D221E5500EFC670 /* EpubManager.swift */,
				8E3D56F72D55703B008F2EFB /* DataController.swift */,
				8E3D57012D58ED27008F2EFB /* GoogleFetchController.swift */,
				8EC391F42D84AAC80009A8DC /* NetworkManager.swift */,
				8EC391F62D84AB0A0009A8DC /* MatchManager.swift */,
				8EC391FA2D84AB480009A8DC /* UtilityClass.swift */,
				8E9AE5392D8AE2C900DD931F /* ReaderController.swift */,
			);
			path = Controllers;
			sourceTree = "<group>";
		};
		8ECEA1DC2D8B1BB8009F56E1 /* Delegates */ = {
			isa = PBXGroup;
			children = (
				8ECEA1DD2D8B1BC5009F56E1 /* NavigatorDelegate.swift */,
			);
			path = Delegates;
			sourceTree = "<group>";
		};
		E9E3213E5213F26393D49155 /* Pods */ = {
			isa = PBXGroup;
			children = (
				05735AF3C701FD4E23FFF25B /* Pods-BookHarbour.debug.xcconfig */,
				68D5D24F01A72EF4BF08B5F3 /* Pods-BookHarbour.release.xcconfig */,
			);
			path = Pods;
			sourceTree = "<group>";
		};
/* End PBXGroup section */

/* Begin PBXNativeTarget section */
		8EADAC3F2D20CD5E00EFC670 /* BookHarbour */ = {
			isa = PBXNativeTarget;
			buildConfigurationList = 8EADAC4E2D20CD6100EFC670 /* Build configuration list for PBXNativeTarget "BookHarbour" */;
			buildPhases = (
				DDC3799D2641D5C99A689790 /* [CP] Check Pods Manifest.lock */,
				8EADAC3C2D20CD5E00EFC670 /* Sources */,
				8EADAC3D2D20CD5E00EFC670 /* Frameworks */,
				8EADAC3E2D20CD5E00EFC670 /* Resources */,
				76D22494443C89221C4A26B4 /* [CP] Embed Pods Frameworks */,
			);
			buildRules = (
			);
			dependencies = (
			);
			name = BookHarbour;
			productName = BookHarbour;
			productReference = 8EADAC402D20CD5E00EFC670 /* BookHarbour.app */;
			productType = "com.apple.product-type.application";
		};
/* End PBXNativeTarget section */

/* Begin PBXProject section */
		8EADAC382D20CD5E00EFC670 /* Project object */ = {
			isa = PBXProject;
			attributes = {
				BuildIndependentTargetsInParallel = 1;
				LastSwiftUpdateCheck = 1530;
				LastUpgradeCheck = 1530;
				TargetAttributes = {
					8EADAC3F2D20CD5E00EFC670 = {
						CreatedOnToolsVersion = 15.3;
					};
				};
			};
			buildConfigurationList = 8EADAC3B2D20CD5E00EFC670 /* Build configuration list for PBXProject "BookHarbour" */;
			compatibilityVersion = "Xcode 14.0";
			developmentRegion = en;
			hasScannedForEncodings = 0;
			knownRegions = (
				en,
				Base,
			);
			mainGroup = 8EADAC372D20CD5E00EFC670;
			productRefGroup = 8EADAC412D20CD5E00EFC670 /* Products */;
			projectDirPath = "";
			projectRoot = "";
			targets = (
				8EADAC3F2D20CD5E00EFC670 /* BookHarbour */,
			);
		};
/* End PBXProject section */

/* Begin PBXResourcesBuildPhase section */
		8EADAC3E2D20CD5E00EFC670 /* Resources */ = {
			isa = PBXResourcesBuildPhase;
			buildActionMask = 2147483647;
			files = (
				8EADAC4B2D20CD6100EFC670 /* Preview Assets.xcassets in Resources */,
				8EADAC482D20CD6100EFC670 /* Assets.xcassets in Resources */,
			);
			runOnlyForDeploymentPostprocessing = 0;
		};
/* End PBXResourcesBuildPhase section */

/* Begin PBXShellScriptBuildPhase section */
		76D22494443C89221C4A26B4 /* [CP] Embed Pods Frameworks */ = {
			isa = PBXShellScriptBuildPhase;
			buildActionMask = 2147483647;
			files = (
			);
			inputFileListPaths = (
				"${PODS_ROOT}/Target Support Files/Pods-BookHarbour/Pods-BookHarbour-frameworks-${CONFIGURATION}-input-files.xcfilelist",
			);
			name = "[CP] Embed Pods Frameworks";
			outputFileListPaths = (
				"${PODS_ROOT}/Target Support Files/Pods-BookHarbour/Pods-BookHarbour-frameworks-${CONFIGURATION}-output-files.xcfilelist",
			);
			runOnlyForDeploymentPostprocessing = 0;
			shellPath = /bin/sh;
			shellScript = "\"${PODS_ROOT}/Target Support Files/Pods-BookHarbour/Pods-BookHarbour-frameworks.sh\"\n";
			showEnvVarsInLog = 0;
		};
		DDC3799D2641D5C99A689790 /* [CP] Check Pods Manifest.lock */ = {
			isa = PBXShellScriptBuildPhase;
			buildActionMask = 2147483647;
			files = (
			);
			inputFileListPaths = (
			);
			inputPaths = (
				"${PODS_PODFILE_DIR_PATH}/Podfile.lock",
				"${PODS_ROOT}/Manifest.lock",
			);
			name = "[CP] Check Pods Manifest.lock";
			outputFileListPaths = (
			);
			outputPaths = (
				"$(DERIVED_FILE_DIR)/Pods-BookHarbour-checkManifestLockResult.txt",
			);
			runOnlyForDeploymentPostprocessing = 0;
			shellPath = /bin/sh;
			shellScript = "diff \"${PODS_PODFILE_DIR_PATH}/Podfile.lock\" \"${PODS_ROOT}/Manifest.lock\" > /dev/null\nif [ $? != 0 ] ; then\n    # print error to STDERR\n    echo \"error: The sandbox is not in sync with the Podfile.lock. Run 'pod install' or update your CocoaPods installation.\" >&2\n    exit 1\nfi\n# This output is used by Xcode 'outputs' to avoid re-running this script phase.\necho \"SUCCESS\" > \"${SCRIPT_OUTPUT_FILE_0}\"\n";
			showEnvVarsInLog = 0;
		};
/* End PBXShellScriptBuildPhase section */

/* Begin PBXSourcesBuildPhase section */
		8EADAC3C2D20CD5E00EFC670 /* Sources */ = {
			isa = PBXSourcesBuildPhase;
			buildActionMask = 2147483647;
			files = (
				8EC391F52D84AAC80009A8DC /* NetworkManager.swift in Sources */,
				8E3D56F82D55703B008F2EFB /* DataController.swift in Sources */,
				8E3D57022D58ED27008F2EFB /* GoogleFetchController.swift in Sources */,
				8E9AE53A2D8AE2C900DD931F /* ReaderController.swift in Sources */,
				8EC391F72D84AB0A0009A8DC /* MatchManager.swift in Sources */,
				8EADAC462D20CD5E00EFC670 /* MainView.swift in Sources */,
				8ECEA1DE2D8B1BC5009F56E1 /* NavigatorDelegate.swift in Sources */,
				8EADAC5E2D221C2C00EFC670 /* EpubPickerView.swift in Sources */,
				8E3D56F62D556FA0008F2EFB /* CoreData.xcdatamodeld in Sources */,
				8EADAC442D20CD5E00EFC670 /* BookHarbourApp.swift in Sources */,
				8EC391FB2D84AB480009A8DC /* UtilityClass.swift in Sources */,
				8EADAC612D221E5500EFC670 /* EpubManager.swift in Sources */,
				8E519A292D2496A200E48BE0 /* BookDetails.swift in Sources */,
				8EC391F92D84AB270009A8DC /* CoreDataManager.swift in Sources */,
				8E9AE53C2D8AF3B500DD931F /* EPUBReaderView.swift in Sources */,
			);
			runOnlyForDeploymentPostprocessing = 0;
		};
/* End PBXSourcesBuildPhase section */

/* Begin XCBuildConfiguration section */
		8EADAC4C2D20CD6100EFC670 /* Debug */ = {
			isa = XCBuildConfiguration;
			buildSettings = {
				ALWAYS_SEARCH_USER_PATHS = NO;
				ASSETCATALOG_COMPILER_GENERATE_SWIFT_ASSET_SYMBOL_EXTENSIONS = YES;
				CLANG_ANALYZER_NONNULL = YES;
				CLANG_ANALYZER_NUMBER_OBJECT_CONVERSION = YES_AGGRESSIVE;
				CLANG_CXX_LANGUAGE_STANDARD = "gnu++20";
				CLANG_ENABLE_MODULES = YES;
				CLANG_ENABLE_OBJC_ARC = YES;
				CLANG_ENABLE_OBJC_WEAK = YES;
				CLANG_WARN_BLOCK_CAPTURE_AUTORELEASING = YES;
				CLANG_WARN_BOOL_CONVERSION = YES;
				CLANG_WARN_COMMA = YES;
				CLANG_WARN_CONSTANT_CONVERSION = YES;
				CLANG_WARN_DEPRECATED_OBJC_IMPLEMENTATIONS = YES;
				CLANG_WARN_DIRECT_OBJC_ISA_USAGE = YES_ERROR;
				CLANG_WARN_DOCUMENTATION_COMMENTS = YES;
				CLANG_WARN_EMPTY_BODY = YES;
				CLANG_WARN_ENUM_CONVERSION = YES;
				CLANG_WARN_INFINITE_RECURSION = YES;
				CLANG_WARN_INT_CONVERSION = YES;
				CLANG_WARN_NON_LITERAL_NULL_CONVERSION = YES;
				CLANG_WARN_OBJC_IMPLICIT_RETAIN_SELF = YES;
				CLANG_WARN_OBJC_LITERAL_CONVERSION = YES;
				CLANG_WARN_OBJC_ROOT_CLASS = YES_ERROR;
				CLANG_WARN_QUOTED_INCLUDE_IN_FRAMEWORK_HEADER = YES;
				CLANG_WARN_RANGE_LOOP_ANALYSIS = YES;
				CLANG_WARN_STRICT_PROTOTYPES = YES;
				CLANG_WARN_SUSPICIOUS_MOVE = YES;
				CLANG_WARN_UNGUARDED_AVAILABILITY = YES_AGGRESSIVE;
				CLANG_WARN_UNREACHABLE_CODE = YES;
				CLANG_WARN__DUPLICATE_METHOD_MATCH = YES;
				COPY_PHASE_STRIP = NO;
				DEBUG_INFORMATION_FORMAT = dwarf;
				ENABLE_STRICT_OBJC_MSGSEND = YES;
				ENABLE_TESTABILITY = YES;
				ENABLE_USER_SCRIPT_SANDBOXING = YES;
				GCC_C_LANGUAGE_STANDARD = gnu17;
				GCC_DYNAMIC_NO_PIC = NO;
				GCC_NO_COMMON_BLOCKS = YES;
				GCC_OPTIMIZATION_LEVEL = 0;
				GCC_PREPROCESSOR_DEFINITIONS = (
					"DEBUG=1",
					"$(inherited)",
				);
				GCC_WARN_64_TO_32_BIT_CONVERSION = YES;
				GCC_WARN_ABOUT_RETURN_TYPE = YES_ERROR;
				GCC_WARN_UNDECLARED_SELECTOR = YES;
				GCC_WARN_UNINITIALIZED_AUTOS = YES_AGGRESSIVE;
				GCC_WARN_UNUSED_FUNCTION = YES;
				GCC_WARN_UNUSED_VARIABLE = YES;
				IPHONEOS_DEPLOYMENT_TARGET = 17.4;
				LOCALIZATION_PREFERS_STRING_CATALOGS = YES;
				MTL_ENABLE_DEBUG_INFO = INCLUDE_SOURCE;
				MTL_FAST_MATH = YES;
				ONLY_ACTIVE_ARCH = YES;
				SDKROOT = iphoneos;
				SWIFT_ACTIVE_COMPILATION_CONDITIONS = "DEBUG $(inherited)";
				SWIFT_OPTIMIZATION_LEVEL = "-Onone";
			};
			name = Debug;
		};
		8EADAC4D2D20CD6100EFC670 /* Release */ = {
			isa = XCBuildConfiguration;
			buildSettings = {
				ALWAYS_SEARCH_USER_PATHS = NO;
				ASSETCATALOG_COMPILER_GENERATE_SWIFT_ASSET_SYMBOL_EXTENSIONS = YES;
				CLANG_ANALYZER_NONNULL = YES;
				CLANG_ANALYZER_NUMBER_OBJECT_CONVERSION = YES_AGGRESSIVE;
				CLANG_CXX_LANGUAGE_STANDARD = "gnu++20";
				CLANG_ENABLE_MODULES = YES;
				CLANG_ENABLE_OBJC_ARC = YES;
				CLANG_ENABLE_OBJC_WEAK = YES;
				CLANG_WARN_BLOCK_CAPTURE_AUTORELEASING = YES;
				CLANG_WARN_BOOL_CONVERSION = YES;
				CLANG_WARN_COMMA = YES;
				CLANG_WARN_CONSTANT_CONVERSION = YES;
				CLANG_WARN_DEPRECATED_OBJC_IMPLEMENTATIONS = YES;
				CLANG_WARN_DIRECT_OBJC_ISA_USAGE = YES_ERROR;
				CLANG_WARN_DOCUMENTATION_COMMENTS = YES;
				CLANG_WARN_EMPTY_BODY = YES;
				CLANG_WARN_ENUM_CONVERSION = YES;
				CLANG_WARN_INFINITE_RECURSION = YES;
				CLANG_WARN_INT_CONVERSION = YES;
				CLANG_WARN_NON_LITERAL_NULL_CONVERSION = YES;
				CLANG_WARN_OBJC_IMPLICIT_RETAIN_SELF = YES;
				CLANG_WARN_OBJC_LITERAL_CONVERSION = YES;
				CLANG_WARN_OBJC_ROOT_CLASS = YES_ERROR;
				CLANG_WARN_QUOTED_INCLUDE_IN_FRAMEWORK_HEADER = YES;
				CLANG_WARN_RANGE_LOOP_ANALYSIS = YES;
				CLANG_WARN_STRICT_PROTOTYPES = YES;
				CLANG_WARN_SUSPICIOUS_MOVE = YES;
				CLANG_WARN_UNGUARDED_AVAILABILITY = YES_AGGRESSIVE;
				CLANG_WARN_UNREACHABLE_CODE = YES;
				CLANG_WARN__DUPLICATE_METHOD_MATCH = YES;
				COPY_PHASE_STRIP = NO;
				DEBUG_INFORMATION_FORMAT = "dwarf-with-dsym";
				ENABLE_NS_ASSERTIONS = NO;
				ENABLE_STRICT_OBJC_MSGSEND = YES;
				ENABLE_USER_SCRIPT_SANDBOXING = YES;
				GCC_C_LANGUAGE_STANDARD = gnu17;
				GCC_NO_COMMON_BLOCKS = YES;
				GCC_WARN_64_TO_32_BIT_CONVERSION = YES;
				GCC_WARN_ABOUT_RETURN_TYPE = YES_ERROR;
				GCC_WARN_UNDECLARED_SELECTOR = YES;
				GCC_WARN_UNINITIALIZED_AUTOS = YES_AGGRESSIVE;
				GCC_WARN_UNUSED_FUNCTION = YES;
				GCC_WARN_UNUSED_VARIABLE = YES;
				IPHONEOS_DEPLOYMENT_TARGET = 17.4;
				LOCALIZATION_PREFERS_STRING_CATALOGS = YES;
				MTL_ENABLE_DEBUG_INFO = NO;
				MTL_FAST_MATH = YES;
				SDKROOT = iphoneos;
				SWIFT_COMPILATION_MODE = wholemodule;
				VALIDATE_PRODUCT = YES;
			};
			name = Release;
		};
		8EADAC4F2D20CD6100EFC670 /* Debug */ = {
			isa = XCBuildConfiguration;
			baseConfigurationReference = 05735AF3C701FD4E23FFF25B /* Pods-BookHarbour.debug.xcconfig */;
			buildSettings = {
				ASSETCATALOG_COMPILER_APPICON_NAME = AppIcon;
				ASSETCATALOG_COMPILER_GLOBAL_ACCENT_COLOR_NAME = AccentColor;
				CODE_SIGN_STYLE = Automatic;
				CURRENT_PROJECT_VERSION = 1;
				DEVELOPMENT_ASSET_PATHS = "\"BookHarbour/Preview Content\"";
				DEVELOPMENT_TEAM = ZP8NKVKQDN;
				ENABLE_PREVIEWS = YES;
				ENABLE_USER_SCRIPT_SANDBOXING = NO;
				GENERATE_INFOPLIST_FILE = YES;
				INFOPLIST_FILE = BookHarbour/Info.plist;
				INFOPLIST_KEY_NSDocumentsFolderUsageDescription = "We need access to your documents folder to load EPUB files";
				INFOPLIST_KEY_NSDownloadsFolderUsageDescription = "We need access to your documents folder to load EPUB files";
				INFOPLIST_KEY_NSFileProviderPresenceUsageDescription = "We need access to your documents folder to load EPUB files.";
				INFOPLIST_KEY_UIApplicationSceneManifest_Generation = YES;
				INFOPLIST_KEY_UIApplicationSupportsIndirectInputEvents = YES;
				INFOPLIST_KEY_UILaunchScreen_Generation = YES;
				INFOPLIST_KEY_UISupportedInterfaceOrientations_iPad = "UIInterfaceOrientationPortrait UIInterfaceOrientationPortraitUpsideDown UIInterfaceOrientationLandscapeLeft UIInterfaceOrientationLandscapeRight";
				INFOPLIST_KEY_UISupportedInterfaceOrientations_iPhone = "UIInterfaceOrientationPortrait UIInterfaceOrientationLandscapeLeft UIInterfaceOrientationLandscapeRight";
				LD_RUNPATH_SEARCH_PATHS = (
					"$(inherited)",
					"@executable_path/Frameworks",
				);
				MARKETING_VERSION = 1.0;
				PRODUCT_BUNDLE_IDENTIFIER = summer.BookHarbour;
				PRODUCT_NAME = "$(TARGET_NAME)";
				SWIFT_EMIT_LOC_STRINGS = YES;
				SWIFT_VERSION = 5.0;
				TARGETED_DEVICE_FAMILY = "1,2";
			};
			name = Debug;
		};
		8EADAC502D20CD6100EFC670 /* Release */ = {
			isa = XCBuildConfiguration;
			baseConfigurationReference = 68D5D24F01A72EF4BF08B5F3 /* Pods-BookHarbour.release.xcconfig */;
			buildSettings = {
				ASSETCATALOG_COMPILER_APPICON_NAME = AppIcon;
				ASSETCATALOG_COMPILER_GLOBAL_ACCENT_COLOR_NAME = AccentColor;
				CODE_SIGN_STYLE = Automatic;
				CURRENT_PROJECT_VERSION = 1;
				DEVELOPMENT_ASSET_PATHS = "\"BookHarbour/Preview Content\"";
				DEVELOPMENT_TEAM = ZP8NKVKQDN;
				ENABLE_PREVIEWS = YES;
				ENABLE_USER_SCRIPT_SANDBOXING = NO;
				GENERATE_INFOPLIST_FILE = YES;
				INFOPLIST_FILE = BookHarbour/Info.plist;
				INFOPLIST_KEY_NSDocumentsFolderUsageDescription = "We need access to your documents folder to load EPUB files";
				INFOPLIST_KEY_NSDownloadsFolderUsageDescription = "We need access to your documents folder to load EPUB files";
				INFOPLIST_KEY_NSFileProviderPresenceUsageDescription = "We need access to your documents folder to load EPUB files.";
				INFOPLIST_KEY_UIApplicationSceneManifest_Generation = YES;
				INFOPLIST_KEY_UIApplicationSupportsIndirectInputEvents = YES;
				INFOPLIST_KEY_UILaunchScreen_Generation = YES;
				INFOPLIST_KEY_UISupportedInterfaceOrientations_iPad = "UIInterfaceOrientationPortrait UIInterfaceOrientationPortraitUpsideDown UIInterfaceOrientationLandscapeLeft UIInterfaceOrientationLandscapeRight";
				INFOPLIST_KEY_UISupportedInterfaceOrientations_iPhone = "UIInterfaceOrientationPortrait UIInterfaceOrientationLandscapeLeft UIInterfaceOrientationLandscapeRight";
				LD_RUNPATH_SEARCH_PATHS = (
					"$(inherited)",
					"@executable_path/Frameworks",
				);
				MARKETING_VERSION = 1.0;
				PRODUCT_BUNDLE_IDENTIFIER = summer.BookHarbour;
				PRODUCT_NAME = "$(TARGET_NAME)";
				SWIFT_EMIT_LOC_STRINGS = YES;
				SWIFT_VERSION = 5.0;
				TARGETED_DEVICE_FAMILY = "1,2";
			};
			name = Release;
		};
/* End XCBuildConfiguration section */

/* Begin XCConfigurationList section */
		8EADAC3B2D20CD5E00EFC670 /* Build configuration list for PBXProject "BookHarbour" */ = {
			isa = XCConfigurationList;
			buildConfigurations = (
				8EADAC4C2D20CD6100EFC670 /* Debug */,
				8EADAC4D2D20CD6100EFC670 /* Release */,
			);
			defaultConfigurationIsVisible = 0;
			defaultConfigurationName = Release;
		};
		8EADAC4E2D20CD6100EFC670 /* Build configuration list for PBXNativeTarget "BookHarbour" */ = {
			isa = XCConfigurationList;
			buildConfigurations = (
				8EADAC4F2D20CD6100EFC670 /* Debug */,
				8EADAC502D20CD6100EFC670 /* Release */,
			);
			defaultConfigurationIsVisible = 0;
			defaultConfigurationName = Release;
		};
/* End XCConfigurationList section */

/* Begin XCVersionGroup section */
		8E3D56F42D556FA0008F2EFB /* CoreData.xcdatamodeld */ = {
			isa = XCVersionGroup;
			children = (
				8E3D56F52D556FA0008F2EFB /* CoreData.xcdatamodel */,
			);
			currentVersion = 8E3D56F52D556FA0008F2EFB /* CoreData.xcdatamodel */;
			name = CoreData.xcdatamodeld;
			path = "/Users/summergasaway/Documents/GitHub/BookHarbour-iteration2/App/BookHarbour/BookHarbour/Data/CoreData.xcdatamodeld";
			sourceTree = "<group>";
			versionGroupType = wrapper.xcdatamodel;
		};
/* End XCVersionGroup section */
	};
	rootObject = 8EADAC382D20CD5E00EFC670 /* Project object */;
}
